// !$*UTF8*$!
{
	archiveVersion = 1;
	classes = {
	};
	objectVersion = 56;
	objects = {

/* Begin PBXBuildFile section */
		A3042B1B29B3727D0081CEF3 /* AppDelegate.swift in Sources */ = {isa = PBXBuildFile; fileRef = A3042B1A29B3727D0081CEF3 /* AppDelegate.swift */; };
		A3042B2429B3727E0081CEF3 /* Assets.xcassets in Resources */ = {isa = PBXBuildFile; fileRef = A3042B2329B3727E0081CEF3 /* Assets.xcassets */; };
		A3042B2729B3727E0081CEF3 /* LaunchScreen.storyboard in Resources */ = {isa = PBXBuildFile; fileRef = A3042B2529B3727E0081CEF3 /* LaunchScreen.storyboard */; };
		A3042B3229B3727E0081CEF3 /* LordOfTheRingsTests.swift in Sources */ = {isa = PBXBuildFile; fileRef = A3042B3129B3727E0081CEF3 /* LordOfTheRingsTests.swift */; };
		A3042B3C29B3727E0081CEF3 /* LordOfTheRingsUITests.swift in Sources */ = {isa = PBXBuildFile; fileRef = A3042B3B29B3727E0081CEF3 /* LordOfTheRingsUITests.swift */; };
		A3042B3E29B3727E0081CEF3 /* LordOfTheRingsUITestsLaunchTests.swift in Sources */ = {isa = PBXBuildFile; fileRef = A3042B3D29B3727E0081CEF3 /* LordOfTheRingsUITestsLaunchTests.swift */; };
		A354A43629B37CAC0061C2D8 /* ListModuleCollectionViewCell.swift in Sources */ = {isa = PBXBuildFile; fileRef = A354A43529B37CAC0061C2D8 /* ListModuleCollectionViewCell.swift */; };
		A354A43929B385040061C2D8 /* Character.swift in Sources */ = {isa = PBXBuildFile; fileRef = A354A43829B385040061C2D8 /* Character.swift */; };
		A354A43B29B387520061C2D8 /* ListModuleViewModel.swift in Sources */ = {isa = PBXBuildFile; fileRef = A354A43A29B387520061C2D8 /* ListModuleViewModel.swift */; };
		A354A43D29B3A3BB0061C2D8 /* ListModuleCollectionViewCellViewModel.swift in Sources */ = {isa = PBXBuildFile; fileRef = A354A43C29B3A3BB0061C2D8 /* ListModuleCollectionViewCellViewModel.swift */; };
		A38C79C729B373140003C0EC /* ListModuleViewController.swift in Sources */ = {isa = PBXBuildFile; fileRef = A38C79C629B373140003C0EC /* ListModuleViewController.swift */; };
		A38C79CD29B373B90003C0EC /* Books.swift in Sources */ = {isa = PBXBuildFile; fileRef = A38C79CC29B373B90003C0EC /* Books.swift */; };
		A38C79D129B374460003C0EC /* NetworkServiceProtocol.swift in Sources */ = {isa = PBXBuildFile; fileRef = A38C79D029B374460003C0EC /* NetworkServiceProtocol.swift */; };
		A38C79D329B374620003C0EC /* NetworkService.swift in Sources */ = {isa = PBXBuildFile; fileRef = A38C79D229B374620003C0EC /* NetworkService.swift */; };
		A3F50EF129B3CC820044DC7F /* DetailsViewController.swift in Sources */ = {isa = PBXBuildFile; fileRef = A3F50EF029B3CC820044DC7F /* DetailsViewController.swift */; };
		A3F50EF329B3CFA10044DC7F /* DetailsViewModel.swift in Sources */ = {isa = PBXBuildFile; fileRef = A3F50EF229B3CFA10044DC7F /* DetailsViewModel.swift */; };
		A3F50EF629B5211A0044DC7F /* CoordinatorProtocol.swift in Sources */ = {isa = PBXBuildFile; fileRef = A3F50EF529B5211A0044DC7F /* CoordinatorProtocol.swift */; };
		A3F50EF829B521B00044DC7F /* AppCoordinator.swift in Sources */ = {isa = PBXBuildFile; fileRef = A3F50EF729B521B00044DC7F /* AppCoordinator.swift */; };
		A3F50EFC29B606990044DC7F /* SceneDelegate.swift in Sources */ = {isa = PBXBuildFile; fileRef = A3F50EFB29B606990044DC7F /* SceneDelegate.swift */; };
/* End PBXBuildFile section */

/* Begin PBXContainerItemProxy section */
		A3042B2E29B3727E0081CEF3 /* PBXContainerItemProxy */ = {
			isa = PBXContainerItemProxy;
			containerPortal = A3042B0F29B3727D0081CEF3 /* Project object */;
			proxyType = 1;
			remoteGlobalIDString = A3042B1629B3727D0081CEF3;
			remoteInfo = LordOfTheRings;
		};
		A3042B3829B3727E0081CEF3 /* PBXContainerItemProxy */ = {
			isa = PBXContainerItemProxy;
			containerPortal = A3042B0F29B3727D0081CEF3 /* Project object */;
			proxyType = 1;
			remoteGlobalIDString = A3042B1629B3727D0081CEF3;
			remoteInfo = LordOfTheRings;
		};
/* End PBXContainerItemProxy section */

/* Begin PBXFileReference section */
		A3042B1729B3727D0081CEF3 /* LordOfTheRings.app */ = {isa = PBXFileReference; explicitFileType = wrapper.application; includeInIndex = 0; path = LordOfTheRings.app; sourceTree = BUILT_PRODUCTS_DIR; };
		A3042B1A29B3727D0081CEF3 /* AppDelegate.swift */ = {isa = PBXFileReference; lastKnownFileType = sourcecode.swift; path = AppDelegate.swift; sourceTree = "<group>"; };
		A3042B2329B3727E0081CEF3 /* Assets.xcassets */ = {isa = PBXFileReference; lastKnownFileType = folder.assetcatalog; path = Assets.xcassets; sourceTree = "<group>"; };
		A3042B2629B3727E0081CEF3 /* Base */ = {isa = PBXFileReference; lastKnownFileType = file.storyboard; name = Base; path = Base.lproj/LaunchScreen.storyboard; sourceTree = "<group>"; };
		A3042B2829B3727E0081CEF3 /* Info.plist */ = {isa = PBXFileReference; lastKnownFileType = text.plist.xml; path = Info.plist; sourceTree = "<group>"; };
		A3042B2D29B3727E0081CEF3 /* LordOfTheRingsTests.xctest */ = {isa = PBXFileReference; explicitFileType = wrapper.cfbundle; includeInIndex = 0; path = LordOfTheRingsTests.xctest; sourceTree = BUILT_PRODUCTS_DIR; };
		A3042B3129B3727E0081CEF3 /* LordOfTheRingsTests.swift */ = {isa = PBXFileReference; lastKnownFileType = sourcecode.swift; path = LordOfTheRingsTests.swift; sourceTree = "<group>"; };
		A3042B3729B3727E0081CEF3 /* LordOfTheRingsUITests.xctest */ = {isa = PBXFileReference; explicitFileType = wrapper.cfbundle; includeInIndex = 0; path = LordOfTheRingsUITests.xctest; sourceTree = BUILT_PRODUCTS_DIR; };
		A3042B3B29B3727E0081CEF3 /* LordOfTheRingsUITests.swift */ = {isa = PBXFileReference; lastKnownFileType = sourcecode.swift; path = LordOfTheRingsUITests.swift; sourceTree = "<group>"; };
		A3042B3D29B3727E0081CEF3 /* LordOfTheRingsUITestsLaunchTests.swift */ = {isa = PBXFileReference; lastKnownFileType = sourcecode.swift; path = LordOfTheRingsUITestsLaunchTests.swift; sourceTree = "<group>"; };
		A354A43529B37CAC0061C2D8 /* ListModuleCollectionViewCell.swift */ = {isa = PBXFileReference; lastKnownFileType = sourcecode.swift; path = ListModuleCollectionViewCell.swift; sourceTree = "<group>"; };
		A354A43829B385040061C2D8 /* Character.swift */ = {isa = PBXFileReference; lastKnownFileType = sourcecode.swift; path = Character.swift; sourceTree = "<group>"; };
		A354A43A29B387520061C2D8 /* ListModuleViewModel.swift */ = {isa = PBXFileReference; lastKnownFileType = sourcecode.swift; path = ListModuleViewModel.swift; sourceTree = "<group>"; };
		A354A43C29B3A3BB0061C2D8 /* ListModuleCollectionViewCellViewModel.swift */ = {isa = PBXFileReference; lastKnownFileType = sourcecode.swift; path = ListModuleCollectionViewCellViewModel.swift; sourceTree = "<group>"; };
		A38C79C629B373140003C0EC /* ListModuleViewController.swift */ = {isa = PBXFileReference; lastKnownFileType = sourcecode.swift; path = ListModuleViewController.swift; sourceTree = "<group>"; };
		A38C79CC29B373B90003C0EC /* Books.swift */ = {isa = PBXFileReference; lastKnownFileType = sourcecode.swift; path = Books.swift; sourceTree = "<group>"; };
		A38C79D029B374460003C0EC /* NetworkServiceProtocol.swift */ = {isa = PBXFileReference; lastKnownFileType = sourcecode.swift; path = NetworkServiceProtocol.swift; sourceTree = "<group>"; };
		A38C79D229B374620003C0EC /* NetworkService.swift */ = {isa = PBXFileReference; lastKnownFileType = sourcecode.swift; path = NetworkService.swift; sourceTree = "<group>"; };
		A3F50EF029B3CC820044DC7F /* DetailsViewController.swift */ = {isa = PBXFileReference; lastKnownFileType = sourcecode.swift; path = DetailsViewController.swift; sourceTree = "<group>"; };
		A3F50EF229B3CFA10044DC7F /* DetailsViewModel.swift */ = {isa = PBXFileReference; lastKnownFileType = sourcecode.swift; path = DetailsViewModel.swift; sourceTree = "<group>"; };
		A3F50EF529B5211A0044DC7F /* CoordinatorProtocol.swift */ = {isa = PBXFileReference; lastKnownFileType = sourcecode.swift; path = CoordinatorProtocol.swift; sourceTree = "<group>"; };
		A3F50EF729B521B00044DC7F /* AppCoordinator.swift */ = {isa = PBXFileReference; lastKnownFileType = sourcecode.swift; path = AppCoordinator.swift; sourceTree = "<group>"; };
		A3F50EFB29B606990044DC7F /* SceneDelegate.swift */ = {isa = PBXFileReference; lastKnownFileType = sourcecode.swift; path = SceneDelegate.swift; sourceTree = "<group>"; };
/* End PBXFileReference section */

/* Begin PBXFrameworksBuildPhase section */
		A3042B1429B3727D0081CEF3 /* Frameworks */ = {
			isa = PBXFrameworksBuildPhase;
			buildActionMask = 2147483647;
			files = (
			);
			runOnlyForDeploymentPostprocessing = 0;
		};
		A3042B2A29B3727E0081CEF3 /* Frameworks */ = {
			isa = PBXFrameworksBuildPhase;
			buildActionMask = 2147483647;
			files = (
			);
			runOnlyForDeploymentPostprocessing = 0;
		};
		A3042B3429B3727E0081CEF3 /* Frameworks */ = {
			isa = PBXFrameworksBuildPhase;
			buildActionMask = 2147483647;
			files = (
			);
			runOnlyForDeploymentPostprocessing = 0;
		};
/* End PBXFrameworksBuildPhase section */

/* Begin PBXGroup section */
		A3042B0E29B3727D0081CEF3 = {
			isa = PBXGroup;
			children = (
				A3042B1929B3727D0081CEF3 /* LordOfTheRings */,
				A3042B3029B3727E0081CEF3 /* LordOfTheRingsTests */,
				A3042B3A29B3727E0081CEF3 /* LordOfTheRingsUITests */,
				A3042B1829B3727D0081CEF3 /* Products */,
			);
			sourceTree = "<group>";
		};
		A3042B1829B3727D0081CEF3 /* Products */ = {
			isa = PBXGroup;
			children = (
				A3042B1729B3727D0081CEF3 /* LordOfTheRings.app */,
				A3042B2D29B3727E0081CEF3 /* LordOfTheRingsTests.xctest */,
				A3042B3729B3727E0081CEF3 /* LordOfTheRingsUITests.xctest */,
			);
			name = Products;
			sourceTree = "<group>";
		};
		A3042B1929B3727D0081CEF3 /* LordOfTheRings */ = {
			isa = PBXGroup;
			children = (
				A3042B1A29B3727D0081CEF3 /* AppDelegate.swift */,
				A3F50EFB29B606990044DC7F /* SceneDelegate.swift */,
				A3F50EF429B520FA0044DC7F /* Coordinator */,
				A38C79CE29B3742A0003C0EC /* Services */,
				A38C79CB29B373500003C0EC /* Model */,
				A38C79C829B373350003C0EC /* MainModule */,
				A3F50EED29B3CC0C0044DC7F /* DetailsModule */,
				A3042B2329B3727E0081CEF3 /* Assets.xcassets */,
				A3042B2529B3727E0081CEF3 /* LaunchScreen.storyboard */,
				A3042B2829B3727E0081CEF3 /* Info.plist */,
			);
			path = LordOfTheRings;
			sourceTree = "<group>";
		};
		A3042B3029B3727E0081CEF3 /* LordOfTheRingsTests */ = {
			isa = PBXGroup;
			children = (
				A3042B3129B3727E0081CEF3 /* LordOfTheRingsTests.swift */,
			);
			path = LordOfTheRingsTests;
			sourceTree = "<group>";
		};
		A3042B3A29B3727E0081CEF3 /* LordOfTheRingsUITests */ = {
			isa = PBXGroup;
			children = (
				A3042B3B29B3727E0081CEF3 /* LordOfTheRingsUITests.swift */,
				A3042B3D29B3727E0081CEF3 /* LordOfTheRingsUITestsLaunchTests.swift */,
			);
			path = LordOfTheRingsUITests;
			sourceTree = "<group>";
		};
		A38C79C829B373350003C0EC /* MainModule */ = {
			isa = PBXGroup;
			children = (
				A38C79CA29B373470003C0EC /* ViewModel */,
				A38C79C929B373400003C0EC /* View */,
			);
			path = MainModule;
			sourceTree = "<group>";
		};
		A38C79C929B373400003C0EC /* View */ = {
			isa = PBXGroup;
			children = (
				A38C79C629B373140003C0EC /* ListModuleViewController.swift */,
				A354A43529B37CAC0061C2D8 /* ListModuleCollectionViewCell.swift */,
			);
			path = View;
			sourceTree = "<group>";
		};
		A38C79CA29B373470003C0EC /* ViewModel */ = {
			isa = PBXGroup;
			children = (
				A354A43A29B387520061C2D8 /* ListModuleViewModel.swift */,
				A354A43C29B3A3BB0061C2D8 /* ListModuleCollectionViewCellViewModel.swift */,
			);
			path = ViewModel;
			sourceTree = "<group>";
		};
		A38C79CB29B373500003C0EC /* Model */ = {
			isa = PBXGroup;
			children = (
				A38C79CC29B373B90003C0EC /* Books.swift */,
				A354A43829B385040061C2D8 /* Character.swift */,
			);
			path = Model;
			sourceTree = "<group>";
		};
		A38C79CE29B3742A0003C0EC /* Services */ = {
			isa = PBXGroup;
			children = (
				A38C79CF29B374350003C0EC /* Network */,
			);
			path = Services;
			sourceTree = "<group>";
		};
		A38C79CF29B374350003C0EC /* Network */ = {
			isa = PBXGroup;
			children = (
				A38C79D029B374460003C0EC /* NetworkServiceProtocol.swift */,
				A38C79D229B374620003C0EC /* NetworkService.swift */,
			);
			path = Network;
			sourceTree = "<group>";
		};
		A3F50EED29B3CC0C0044DC7F /* DetailsModule */ = {
			isa = PBXGroup;
			children = (
				A3F50EEE29B3CC2A0044DC7F /* View */,
				A3F50EEF29B3CC3A0044DC7F /* ViewModel */,
			);
			path = DetailsModule;
			sourceTree = "<group>";
		};
		A3F50EEE29B3CC2A0044DC7F /* View */ = {
			isa = PBXGroup;
			children = (
				A3F50EF029B3CC820044DC7F /* DetailsViewController.swift */,
			);
			path = View;
			sourceTree = "<group>";
		};
		A3F50EEF29B3CC3A0044DC7F /* ViewModel */ = {
			isa = PBXGroup;
			children = (
				A3F50EF229B3CFA10044DC7F /* DetailsViewModel.swift */,
			);
			path = ViewModel;
			sourceTree = "<group>";
		};
		A3F50EF429B520FA0044DC7F /* Coordinator */ = {
			isa = PBXGroup;
			children = (
				A3F50EF529B5211A0044DC7F /* CoordinatorProtocol.swift */,
				A3F50EF729B521B00044DC7F /* AppCoordinator.swift */,
			);
			path = Coordinator;
			sourceTree = "<group>";
		};
/* End PBXGroup section */

/* Begin PBXNativeTarget section */
		A3042B1629B3727D0081CEF3 /* LordOfTheRings */ = {
			isa = PBXNativeTarget;
			buildConfigurationList = A3042B4129B3727E0081CEF3 /* Build configuration list for PBXNativeTarget "LordOfTheRings" */;
			buildPhases = (
				A3042B1329B3727D0081CEF3 /* Sources */,
				A3042B1429B3727D0081CEF3 /* Frameworks */,
				A3042B1529B3727D0081CEF3 /* Resources */,
			);
			buildRules = (
			);
			dependencies = (
			);
			name = LordOfTheRings;
			productName = LordOfTheRings;
			productReference = A3042B1729B3727D0081CEF3 /* LordOfTheRings.app */;
			productType = "com.apple.product-type.application";
		};
		A3042B2C29B3727E0081CEF3 /* LordOfTheRingsTests */ = {
			isa = PBXNativeTarget;
			buildConfigurationList = A3042B4429B3727E0081CEF3 /* Build configuration list for PBXNativeTarget "LordOfTheRingsTests" */;
			buildPhases = (
				A3042B2929B3727E0081CEF3 /* Sources */,
				A3042B2A29B3727E0081CEF3 /* Frameworks */,
				A3042B2B29B3727E0081CEF3 /* Resources */,
			);
			buildRules = (
			);
			dependencies = (
				A3042B2F29B3727E0081CEF3 /* PBXTargetDependency */,
			);
			name = LordOfTheRingsTests;
			productName = LordOfTheRingsTests;
			productReference = A3042B2D29B3727E0081CEF3 /* LordOfTheRingsTests.xctest */;
			productType = "com.apple.product-type.bundle.unit-test";
		};
		A3042B3629B3727E0081CEF3 /* LordOfTheRingsUITests */ = {
			isa = PBXNativeTarget;
			buildConfigurationList = A3042B4729B3727E0081CEF3 /* Build configuration list for PBXNativeTarget "LordOfTheRingsUITests" */;
			buildPhases = (
				A3042B3329B3727E0081CEF3 /* Sources */,
				A3042B3429B3727E0081CEF3 /* Frameworks */,
				A3042B3529B3727E0081CEF3 /* Resources */,
			);
			buildRules = (
			);
			dependencies = (
				A3042B3929B3727E0081CEF3 /* PBXTargetDependency */,
			);
			name = LordOfTheRingsUITests;
			productName = LordOfTheRingsUITests;
			productReference = A3042B3729B3727E0081CEF3 /* LordOfTheRingsUITests.xctest */;
			productType = "com.apple.product-type.bundle.ui-testing";
		};
/* End PBXNativeTarget section */

/* Begin PBXProject section */
		A3042B0F29B3727D0081CEF3 /* Project object */ = {
			isa = PBXProject;
			attributes = {
				BuildIndependentTargetsInParallel = 1;
				LastSwiftUpdateCheck = 1420;
				LastUpgradeCheck = 1420;
				TargetAttributes = {
					A3042B1629B3727D0081CEF3 = {
						CreatedOnToolsVersion = 14.2;
					};
					A3042B2C29B3727E0081CEF3 = {
						CreatedOnToolsVersion = 14.2;
						TestTargetID = A3042B1629B3727D0081CEF3;
					};
					A3042B3629B3727E0081CEF3 = {
						CreatedOnToolsVersion = 14.2;
						TestTargetID = A3042B1629B3727D0081CEF3;
					};
				};
			};
			buildConfigurationList = A3042B1229B3727D0081CEF3 /* Build configuration list for PBXProject "LordOfTheRings" */;
			compatibilityVersion = "Xcode 14.0";
			developmentRegion = en;
			hasScannedForEncodings = 0;
			knownRegions = (
				en,
				Base,
			);
			mainGroup = A3042B0E29B3727D0081CEF3;
			productRefGroup = A3042B1829B3727D0081CEF3 /* Products */;
			projectDirPath = "";
			projectRoot = "";
			targets = (
				A3042B1629B3727D0081CEF3 /* LordOfTheRings */,
				A3042B2C29B3727E0081CEF3 /* LordOfTheRingsTests */,
				A3042B3629B3727E0081CEF3 /* LordOfTheRingsUITests */,
			);
		};
/* End PBXProject section */

/* Begin PBXResourcesBuildPhase section */
		A3042B1529B3727D0081CEF3 /* Resources */ = {
			isa = PBXResourcesBuildPhase;
			buildActionMask = 2147483647;
			files = (
				A3042B2729B3727E0081CEF3 /* LaunchScreen.storyboard in Resources */,
				A3042B2429B3727E0081CEF3 /* Assets.xcassets in Resources */,
			);
			runOnlyForDeploymentPostprocessing = 0;
		};
		A3042B2B29B3727E0081CEF3 /* Resources */ = {
			isa = PBXResourcesBuildPhase;
			buildActionMask = 2147483647;
			files = (
			);
			runOnlyForDeploymentPostprocessing = 0;
		};
		A3042B3529B3727E0081CEF3 /* Resources */ = {
			isa = PBXResourcesBuildPhase;
			buildActionMask = 2147483647;
			files = (
			);
			runOnlyForDeploymentPostprocessing = 0;
		};
/* End PBXResourcesBuildPhase section */

/* Begin PBXSourcesBuildPhase section */
		A3042B1329B3727D0081CEF3 /* Sources */ = {
			isa = PBXSourcesBuildPhase;
			buildActionMask = 2147483647;
			files = (
				A38C79CD29B373B90003C0EC /* Books.swift in Sources */,
				A3F50EFC29B606990044DC7F /* SceneDelegate.swift in Sources */,
				A38C79C729B373140003C0EC /* ListModuleViewController.swift in Sources */,
				A3042B1B29B3727D0081CEF3 /* AppDelegate.swift in Sources */,
				A354A43629B37CAC0061C2D8 /* ListModuleCollectionViewCell.swift in Sources */,
				A3F50EF129B3CC820044DC7F /* DetailsViewController.swift in Sources */,
				A3F50EF829B521B00044DC7F /* AppCoordinator.swift in Sources */,
				A38C79D329B374620003C0EC /* NetworkService.swift in Sources */,
				A3F50EF629B5211A0044DC7F /* CoordinatorProtocol.swift in Sources */,
				A38C79D129B374460003C0EC /* NetworkServiceProtocol.swift in Sources */,
				A354A43B29B387520061C2D8 /* ListModuleViewModel.swift in Sources */,
				A354A43929B385040061C2D8 /* Character.swift in Sources */,
				A354A43D29B3A3BB0061C2D8 /* ListModuleCollectionViewCellViewModel.swift in Sources */,
				A3F50EF329B3CFA10044DC7F /* DetailsViewModel.swift in Sources */,
			);
			runOnlyForDeploymentPostprocessing = 0;
		};
		A3042B2929B3727E0081CEF3 /* Sources */ = {
			isa = PBXSourcesBuildPhase;
			buildActionMask = 2147483647;
			files = (
				A3042B3229B3727E0081CEF3 /* LordOfTheRingsTests.swift in Sources */,
			);
			runOnlyForDeploymentPostprocessing = 0;
		};
		A3042B3329B3727E0081CEF3 /* Sources */ = {
			isa = PBXSourcesBuildPhase;
			buildActionMask = 2147483647;
			files = (
				A3042B3E29B3727E0081CEF3 /* LordOfTheRingsUITestsLaunchTests.swift in Sources */,
				A3042B3C29B3727E0081CEF3 /* LordOfTheRingsUITests.swift in Sources */,
			);
			runOnlyForDeploymentPostprocessing = 0;
		};
/* End PBXSourcesBuildPhase section */

/* Begin PBXTargetDependency section */
		A3042B2F29B3727E0081CEF3 /* PBXTargetDependency */ = {
			isa = PBXTargetDependency;
			target = A3042B1629B3727D0081CEF3 /* LordOfTheRings */;
			targetProxy = A3042B2E29B3727E0081CEF3 /* PBXContainerItemProxy */;
		};
		A3042B3929B3727E0081CEF3 /* PBXTargetDependency */ = {
			isa = PBXTargetDependency;
			target = A3042B1629B3727D0081CEF3 /* LordOfTheRings */;
			targetProxy = A3042B3829B3727E0081CEF3 /* PBXContainerItemProxy */;
		};
/* End PBXTargetDependency section */

/* Begin PBXVariantGroup section */
		A3042B2529B3727E0081CEF3 /* LaunchScreen.storyboard */ = {
			isa = PBXVariantGroup;
			children = (
				A3042B2629B3727E0081CEF3 /* Base */,
			);
			name = LaunchScreen.storyboard;
			sourceTree = "<group>";
		};
/* End PBXVariantGroup section */

/* Begin XCBuildConfiguration section */
		A3042B3F29B3727E0081CEF3 /* Debug */ = {
			isa = XCBuildConfiguration;
			buildSettings = {
				ALWAYS_SEARCH_USER_PATHS = NO;
				CLANG_ANALYZER_NONNULL = YES;
				CLANG_ANALYZER_NUMBER_OBJECT_CONVERSION = YES_AGGRESSIVE;
				CLANG_CXX_LANGUAGE_STANDARD = "gnu++20";
				CLANG_ENABLE_MODULES = YES;
				CLANG_ENABLE_OBJC_ARC = YES;
				CLANG_ENABLE_OBJC_WEAK = YES;
				CLANG_WARN_BLOCK_CAPTURE_AUTORELEASING = YES;
				CLANG_WARN_BOOL_CONVERSION = YES;
				CLANG_WARN_COMMA = YES;
				CLANG_WARN_CONSTANT_CONVERSION = YES;
				CLANG_WARN_DEPRECATED_OBJC_IMPLEMENTATIONS = YES;
				CLANG_WARN_DIRECT_OBJC_ISA_USAGE = YES_ERROR;
				CLANG_WARN_DOCUMENTATION_COMMENTS = YES;
				CLANG_WARN_EMPTY_BODY = YES;
				CLANG_WARN_ENUM_CONVERSION = YES;
				CLANG_WARN_INFINITE_RECURSION = YES;
				CLANG_WARN_INT_CONVERSION = YES;
				CLANG_WARN_NON_LITERAL_NULL_CONVERSION = YES;
				CLANG_WARN_OBJC_IMPLICIT_RETAIN_SELF = YES;
				CLANG_WARN_OBJC_LITERAL_CONVERSION = YES;
				CLANG_WARN_OBJC_ROOT_CLASS = YES_ERROR;
				CLANG_WARN_QUOTED_INCLUDE_IN_FRAMEWORK_HEADER = YES;
				CLANG_WARN_RANGE_LOOP_ANALYSIS = YES;
				CLANG_WARN_STRICT_PROTOTYPES = YES;
				CLANG_WARN_SUSPICIOUS_MOVE = YES;
				CLANG_WARN_UNGUARDED_AVAILABILITY = YES_AGGRESSIVE;
				CLANG_WARN_UNREACHABLE_CODE = YES;
				CLANG_WARN__DUPLICATE_METHOD_MATCH = YES;
				COPY_PHASE_STRIP = NO;
				DEBUG_INFORMATION_FORMAT = dwarf;
				ENABLE_STRICT_OBJC_MSGSEND = YES;
				ENABLE_TESTABILITY = YES;
				GCC_C_LANGUAGE_STANDARD = gnu11;
				GCC_DYNAMIC_NO_PIC = NO;
				GCC_NO_COMMON_BLOCKS = YES;
				GCC_OPTIMIZATION_LEVEL = 0;
				GCC_PREPROCESSOR_DEFINITIONS = (
					"DEBUG=1",
					"$(inherited)",
				);
				GCC_WARN_64_TO_32_BIT_CONVERSION = YES;
				GCC_WARN_ABOUT_RETURN_TYPE = YES_ERROR;
				GCC_WARN_UNDECLARED_SELECTOR = YES;
				GCC_WARN_UNINITIALIZED_AUTOS = YES_AGGRESSIVE;
				GCC_WARN_UNUSED_FUNCTION = YES;
				GCC_WARN_UNUSED_VARIABLE = YES;
				IPHONEOS_DEPLOYMENT_TARGET = 16.2;
				MTL_ENABLE_DEBUG_INFO = INCLUDE_SOURCE;
				MTL_FAST_MATH = YES;
				ONLY_ACTIVE_ARCH = YES;
				SDKROOT = iphoneos;
				SWIFT_ACTIVE_COMPILATION_CONDITIONS = DEBUG;
				SWIFT_OPTIMIZATION_LEVEL = "-Onone";
			};
			name = Debug;
		};
		A3042B4029B3727E0081CEF3 /* Release */ = {
			isa = XCBuildConfiguration;
			buildSettings = {
				ALWAYS_SEARCH_USER_PATHS = NO;
				CLANG_ANALYZER_NONNULL = YES;
				CLANG_ANALYZER_NUMBER_OBJECT_CONVERSION = YES_AGGRESSIVE;
				CLANG_CXX_LANGUAGE_STANDARD = "gnu++20";
				CLANG_ENABLE_MODULES = YES;
				CLANG_ENABLE_OBJC_ARC = YES;
				CLANG_ENABLE_OBJC_WEAK = YES;
				CLANG_WARN_BLOCK_CAPTURE_AUTORELEASING = YES;
				CLANG_WARN_BOOL_CONVERSION = YES;
				CLANG_WARN_COMMA = YES;
				CLANG_WARN_CONSTANT_CONVERSION = YES;
				CLANG_WARN_DEPRECATED_OBJC_IMPLEMENTATIONS = YES;
				CLANG_WARN_DIRECT_OBJC_ISA_USAGE = YES_ERROR;
				CLANG_WARN_DOCUMENTATION_COMMENTS = YES;
				CLANG_WARN_EMPTY_BODY = YES;
				CLANG_WARN_ENUM_CONVERSION = YES;
				CLANG_WARN_INFINITE_RECURSION = YES;
				CLANG_WARN_INT_CONVERSION = YES;
				CLANG_WARN_NON_LITERAL_NULL_CONVERSION = YES;
				CLANG_WARN_OBJC_IMPLICIT_RETAIN_SELF = YES;
				CLANG_WARN_OBJC_LITERAL_CONVERSION = YES;
				CLANG_WARN_OBJC_ROOT_CLASS = YES_ERROR;
				CLANG_WARN_QUOTED_INCLUDE_IN_FRAMEWORK_HEADER = YES;
				CLANG_WARN_RANGE_LOOP_ANALYSIS = YES;
				CLANG_WARN_STRICT_PROTOTYPES = YES;
				CLANG_WARN_SUSPICIOUS_MOVE = YES;
				CLANG_WARN_UNGUARDED_AVAILABILITY = YES_AGGRESSIVE;
				CLANG_WARN_UNREACHABLE_CODE = YES;
				CLANG_WARN__DUPLICATE_METHOD_MATCH = YES;
				COPY_PHASE_STRIP = NO;
				DEBUG_INFORMATION_FORMAT = "dwarf-with-dsym";
				ENABLE_NS_ASSERTIONS = NO;
				ENABLE_STRICT_OBJC_MSGSEND = YES;
				GCC_C_LANGUAGE_STANDARD = gnu11;
				GCC_NO_COMMON_BLOCKS = YES;
				GCC_WARN_64_TO_32_BIT_CONVERSION = YES;
				GCC_WARN_ABOUT_RETURN_TYPE = YES_ERROR;
				GCC_WARN_UNDECLARED_SELECTOR = YES;
				GCC_WARN_UNINITIALIZED_AUTOS = YES_AGGRESSIVE;
				GCC_WARN_UNUSED_FUNCTION = YES;
				GCC_WARN_UNUSED_VARIABLE = YES;
				IPHONEOS_DEPLOYMENT_TARGET = 16.2;
				MTL_ENABLE_DEBUG_INFO = NO;
				MTL_FAST_MATH = YES;
				SDKROOT = iphoneos;
				SWIFT_COMPILATION_MODE = wholemodule;
				SWIFT_OPTIMIZATION_LEVEL = "-O";
				VALIDATE_PRODUCT = YES;
			};
			name = Release;
		};
		A3042B4229B3727E0081CEF3 /* Debug */ = {
			isa = XCBuildConfiguration;
			buildSettings = {
				ASSETCATALOG_COMPILER_APPICON_NAME = AppIcon;
				ASSETCATALOG_COMPILER_GLOBAL_ACCENT_COLOR_NAME = AccentColor;
				CODE_SIGN_STYLE = Automatic;
				CURRENT_PROJECT_VERSION = 1;
				DEVELOPMENT_TEAM = UN5MX5RT64;
				GENERATE_INFOPLIST_FILE = YES;
				INFOPLIST_FILE = LordOfTheRings/Info.plist;
				INFOPLIST_KEY_UIApplicationSupportsIndirectInputEvents = YES;
				INFOPLIST_KEY_UILaunchStoryboardName = LaunchScreen;
				INFOPLIST_KEY_UISupportedInterfaceOrientations = UIInterfaceOrientationPortrait;
				INFOPLIST_KEY_UISupportedInterfaceOrientations_iPad = "UIInterfaceOrientationLandscapeLeft UIInterfaceOrientationLandscapeRight UIInterfaceOrientationPortrait UIInterfaceOrientationPortraitUpsideDown";
				IPHONEOS_DEPLOYMENT_TARGET = 13.0;
				LD_RUNPATH_SEARCH_PATHS = (
					"$(inherited)",
					"@executable_path/Frameworks",
				);
				MARKETING_VERSION = 1.0;
				PRODUCT_BUNDLE_IDENTIFIER = Evgenii.Mikhailov.LordOfTheRings;
				PRODUCT_NAME = "$(TARGET_NAME)";
				SUPPORTED_PLATFORMS = "iphoneos iphonesimulator";
				SUPPORTS_MACCATALYST = NO;
				SUPPORTS_MAC_DESIGNED_FOR_IPHONE_IPAD = NO;
				SWIFT_EMIT_LOC_STRINGS = YES;
				SWIFT_VERSION = 5.0;
				TARGETED_DEVICE_FAMILY = 1;
			};
			name = Debug;
		};
		A3042B4329B3727E0081CEF3 /* Release */ = {
			isa = XCBuildConfiguration;
			buildSettings = {
				ASSETCATALOG_COMPILER_APPICON_NAME = AppIcon;
				ASSETCATALOG_COMPILER_GLOBAL_ACCENT_COLOR_NAME = AccentColor;
				CODE_SIGN_STYLE = Automatic;
				CURRENT_PROJECT_VERSION = 1;
				DEVELOPMENT_TEAM = UN5MX5RT64;
				GENERATE_INFOPLIST_FILE = YES;
				INFOPLIST_FILE = LordOfTheRings/Info.plist;
				INFOPLIST_KEY_UIApplicationSupportsIndirectInputEvents = YES;
				INFOPLIST_KEY_UILaunchStoryboardName = LaunchScreen;
				INFOPLIST_KEY_UISupportedInterfaceOrientations = UIInterfaceOrientationPortrait;
				INFOPLIST_KEY_UISupportedInterfaceOrientations_iPad = "UIInterfaceOrientationLandscapeLeft UIInterfaceOrientationLandscapeRight UIInterfaceOrientationPortrait UIInterfaceOrientationPortraitUpsideDown";
				IPHONEOS_DEPLOYMENT_TARGET = 13.0;
				LD_RUNPATH_SEARCH_PATHS = (
					"$(inherited)",
					"@executable_path/Frameworks",
				);
				MARKETING_VERSION = 1.0;
				PRODUCT_BUNDLE_IDENTIFIER = Evgenii.Mikhailov.LordOfTheRings;
				PRODUCT_NAME = "$(TARGET_NAME)";
				SUPPORTED_PLATFORMS = "iphoneos iphonesimulator";
				SUPPORTS_MACCATALYST = NO;
				SUPPORTS_MAC_DESIGNED_FOR_IPHONE_IPAD = NO;
				SWIFT_EMIT_LOC_STRINGS = YES;
				SWIFT_VERSION = 5.0;
				TARGETED_DEVICE_FAMILY = 1;
			};
			name = Release;
		};
		A3042B4529B3727E0081CEF3 /* Debug */ = {
			isa = XCBuildConfiguration;
			buildSettings = {
				ALWAYS_EMBED_SWIFT_STANDARD_LIBRARIES = YES;
				BUNDLE_LOADER = "$(TEST_HOST)";
				CODE_SIGN_STYLE = Automatic;
				CURRENT_PROJECT_VERSION = 1;
				DEVELOPMENT_TEAM = UN5MX5RT64;
				GENERATE_INFOPLIST_FILE = YES;
				IPHONEOS_DEPLOYMENT_TARGET = 16.2;
				MARKETING_VERSION = 1.0;
				PRODUCT_BUNDLE_IDENTIFIER = Evgenii.Mikhailov.LordOfTheRingsTests;
				PRODUCT_NAME = "$(TARGET_NAME)";
				SWIFT_EMIT_LOC_STRINGS = NO;
				SWIFT_VERSION = 5.0;
				TARGETED_DEVICE_FAMILY = "1,2";
				TEST_HOST = "$(BUILT_PRODUCTS_DIR)/LordOfTheRings.app/$(BUNDLE_EXECUTABLE_FOLDER_PATH)/LordOfTheRings";
			};
			name = Debug;
		};
		A3042B4629B3727E0081CEF3 /* Release */ = {
			isa = XCBuildConfiguration;
			buildSettings = {
				ALWAYS_EMBED_SWIFT_STANDARD_LIBRARIES = YES;
				BUNDLE_LOADER = "$(TEST_HOST)";
				CODE_SIGN_STYLE = Automatic;
				CURRENT_PROJECT_VERSION = 1;
				DEVELOPMENT_TEAM = UN5MX5RT64;
				GENERATE_INFOPLIST_FILE = YES;
				IPHONEOS_DEPLOYMENT_TARGET = 16.2;
				MARKETING_VERSION = 1.0;
				PRODUCT_BUNDLE_IDENTIFIER = Evgenii.Mikhailov.LordOfTheRingsTests;
				PRODUCT_NAME = "$(TARGET_NAME)";
				SWIFT_EMIT_LOC_STRINGS = NO;
				SWIFT_VERSION = 5.0;
				TARGETED_DEVICE_FAMILY = "1,2";
				TEST_HOST = "$(BUILT_PRODUCTS_DIR)/LordOfTheRings.app/$(BUNDLE_EXECUTABLE_FOLDER_PATH)/LordOfTheRings";
			};
			name = Release;
		};
		A3042B4829B3727E0081CEF3 /* Debug */ = {
			isa = XCBuildConfiguration;
			buildSettings = {
				ALWAYS_EMBED_SWIFT_STANDARD_LIBRARIES = YES;
				CODE_SIGN_STYLE = Automatic;
				CURRENT_PROJECT_VERSION = 1;
				DEVELOPMENT_TEAM = UN5MX5RT64;
				GENERATE_INFOPLIST_FILE = YES;
				MARKETING_VERSION = 1.0;
				PRODUCT_BUNDLE_IDENTIFIER = Evgenii.Mikhailov.LordOfTheRingsUITests;
				PRODUCT_NAME = "$(TARGET_NAME)";
				SWIFT_EMIT_LOC_STRINGS = NO;
				SWIFT_VERSION = 5.0;
				TARGETED_DEVICE_FAMILY = "1,2";
				TEST_TARGET_NAME = LordOfTheRings;
			};
			name = Debug;
		};
		A3042B4929B3727E0081CEF3 /* Release */ = {
			isa = XCBuildConfiguration;
			buildSettings = {
				ALWAYS_EMBED_SWIFT_STANDARD_LIBRARIES = YES;
				CODE_SIGN_STYLE = Automatic;
				CURRENT_PROJECT_VERSION = 1;
				DEVELOPMENT_TEAM = UN5MX5RT64;
				GENERATE_INFOPLIST_FILE = YES;
				MARKETING_VERSION = 1.0;
				PRODUCT_BUNDLE_IDENTIFIER = Evgenii.Mikhailov.LordOfTheRingsUITests;
				PRODUCT_NAME = "$(TARGET_NAME)";
				SWIFT_EMIT_LOC_STRINGS = NO;
				SWIFT_VERSION = 5.0;
				TARGETED_DEVICE_FAMILY = "1,2";
				TEST_TARGET_NAME = LordOfTheRings;
			};
			name = Release;
		};
/* End XCBuildConfiguration section */

/* Begin XCConfigurationList section */
		A3042B1229B3727D0081CEF3 /* Build configuration list for PBXProject "LordOfTheRings" */ = {
			isa = XCConfigurationList;
			buildConfigurations = (
				A3042B3F29B3727E0081CEF3 /* Debug */,
				A3042B4029B3727E0081CEF3 /* Release */,
			);
			defaultConfigurationIsVisible = 0;
			defaultConfigurationName = Release;
		};
		A3042B4129B3727E0081CEF3 /* Build configuration list for PBXNativeTarget "LordOfTheRings" */ = {
			isa = XCConfigurationList;
			buildConfigurations = (
				A3042B4229B3727E0081CEF3 /* Debug */,
				A3042B4329B3727E0081CEF3 /* Release */,
			);
			defaultConfigurationIsVisible = 0;
			defaultConfigurationName = Release;
		};
		A3042B4429B3727E0081CEF3 /* Build configuration list for PBXNativeTarget "LordOfTheRingsTests" */ = {
			isa = XCConfigurationList;
			buildConfigurations = (
				A3042B4529B3727E0081CEF3 /* Debug */,
				A3042B4629B3727E0081CEF3 /* Release */,
			);
			defaultConfigurationIsVisible = 0;
			defaultConfigurationName = Release;
		};
		A3042B4729B3727E0081CEF3 /* Build configuration list for PBXNativeTarget "LordOfTheRingsUITests" */ = {
			isa = XCConfigurationList;
			buildConfigurations = (
				A3042B4829B3727E0081CEF3 /* Debug */,
				A3042B4929B3727E0081CEF3 /* Release */,
			);
			defaultConfigurationIsVisible = 0;
			defaultConfigurationName = Release;
		};
/* End XCConfigurationList section */
	};
	rootObject = A3042B0F29B3727D0081CEF3 /* Project object */;
}
